
Microsoft Visual Studio Solution File, Format Version 12.00
# Visual Studio Version 16
VisualStudioVersion = 16.0.33423.256
MinimumVisualStudioVersion = 10.0.40219.1
Project("{FAE04EC0-301F-11D3-BF4B-00C04F79EFBC}") = "PresentationLayer", "PresentationLayer\PresentationLayer.csproj", "{5FF15C38-E6E4-4C8A-A47F-8F9C6E777DBB}"
EndProject
Global
	GlobalSection(SolutionConfigurationPlatforms) = preSolution
		Debug|Any CPU = Debug|Any CPU
		Release|Any CPU = Release|Any CPU
	EndGlobalSection
	GlobalSection(ProjectConfigurationPlatforms) = postSolution
		{5FF15C38-E6E4-4C8A-A47F-8F9C6E777DBB}.Debug|Any CPU.ActiveCfg = Debug|Any CPU
		{5FF15C38-E6E4-4C8A-A47F-8F9C6E777DBB}.Debug|Any CPU.Build.0 = Debug|Any CPU
		{5FF15C38-E6E4-4C8A-A47F-8F9C6E777DBB}.Release|Any CPU.ActiveCfg = Release|Any CPU
		{5FF15C38-E6E4-4C8A-A47F-8F9C6E777DBB}.Release|Any CPU.Build.0 = Release|Any CPU
	EndGlobalSection
	GlobalSection(SolutionProperties) = preSolution
		HideSolutionNode = FALSE
	EndGlobalSection
	GlobalSection(ExtensibilityGlobals) = postSolution
		SolutionGuid = {04E91CFE-2822-4EB2-A69A-337AD6A23E9B}
	EndGlobalSection
EndGlobal
